# Code generated by scarb DO NOT EDIT.
version = 1

[[package]]
name = "access_control"
version = "0.4.0"
source = "git+https://github.com/lindy-labs/access_control.git?tag=v0.4.0#3fc8328155526f35f1b2d01fe12e3d0c7a20604c"

[[package]]
name = "opus"
version = "1.0.0"
dependencies = [
 "access_control",
 "snforge_std",
 "wadray",
]

[[package]]
name = "scripts"
version = "1.0.0"
dependencies = [
 "opus",
 "sncast_std",
]

[[package]]
name = "sncast_std"
version = "0.38.0"
source = "git+https://github.com/foundry-rs/starknet-foundry.git?tag=v0.38.0#f2e7d0d4077a654992914a688575a85bbe57b9a9"

[[package]]
name = "snforge_scarb_plugin"
version = "0.38.0"
source = "git+https://github.com/foundry-rs/starknet-foundry.git?tag=v0.38.0#f2e7d0d4077a654992914a688575a85bbe57b9a9"

[[package]]
name = "snforge_std"
version = "0.38.0"
source = "git+https://github.com/foundry-rs/starknet-foundry.git?tag=v0.38.0#f2e7d0d4077a654992914a688575a85bbe57b9a9"
dependencies = [
 "snforge_scarb_plugin",
]

[[package]]
name = "wadray"
version = "0.5.0"
source = "git+https://github.com/lindy-labs/wadray.git?tag=v0.5.0#4186a1e0d0879731fc5dc27b824ef489a79a3d30"
