# Code generated by scarb DO NOT EDIT.
version = 1

[[package]]
name = "access_control"
version = "0.5.0"
source = "registry+https://scarbs.xyz/"
checksum = "sha256:c0d72a9247e9833eee8ffaf32e85094c149ae479377e384a724a3505853a2b39"

[[package]]
name = "opus"
version = "1.2.0"
dependencies = [
 "access_control",
 "snforge_std",
 "wadray",
]

[[package]]
name = "scripts"
version = "1.2.0"
dependencies = [
 "opus",
 "sncast_std",
 "wadray",
]

[[package]]
name = "sncast_std"
version = "0.52.0"
source = "registry+https://scarbs.xyz/"
checksum = "sha256:19aa29c5c8952f410d72357f165a04640c8cc0efd678b53ad70d222ab785fec4"

[[package]]
name = "snforge_scarb_plugin"
version = "0.52.0"
source = "registry+https://scarbs.xyz/"
checksum = "sha256:c33027f8ac078e4bbfc0bd1b7e7849ffe2e6bdd6c24649d0b5ede145095b4743"

[[package]]
name = "snforge_std"
version = "0.52.0"
source = "registry+https://scarbs.xyz/"
checksum = "sha256:db8d395191bb2b526c44cee65b10a4044dc59e23a1c1d8009a73c7035760ed6b"
dependencies = [
 "snforge_scarb_plugin",
]

[[package]]
name = "wadray"
version = "0.6.1"
source = "registry+https://scarbs.xyz/"
checksum = "sha256:09bd9792f7f91b3fdfabca48e77cc141c53ccdbbcb957c28ce222eac864a92d1"
