# Code generated by scarb DO NOT EDIT.
version = 1

[[package]]
name = "access_control"
version = "0.3.0"
source = "git+https://github.com/lindy-labs/access_control.git?tag=v0.3.0#8fdfc97e15c4fb1b6cb1aa0da91d94e5956c3b1a"

[[package]]
name = "deployment"
version = "1.1.0"
dependencies = [
 "opus",
 "scripts",
 "sncast_std",
]

[[package]]
name = "opus"
version = "1.1.0"
dependencies = [
 "access_control",
 "wadray",
]

[[package]]
name = "scripts"
version = "1.1.0"
dependencies = [
 "opus",
 "sncast_std",
]

[[package]]
name = "simulation"
version = "1.1.0"
dependencies = [
 "opus",
 "scripts",
 "sncast_std",
]

[[package]]
name = "sncast_std"
version = "0.23.0"
source = "git+https://github.com/foundry-rs/starknet-foundry?tag=v0.23.0#f2bff8f796763ada77fe6033ec1b034ceee22abd"

[[package]]
name = "wadray"
version = "0.3.0"
source = "git+https://github.com/lindy-labs/wadray.git?tag=v0.3.0#9b1f0e21abac6811b09d8a9e861b5d53e6a52d9c"
